
Microsoft Visual Studio Solution File, Format Version 12.00
# Visual Studio Version 17
VisualStudioVersion = 17.4.33110.190
MinimumVisualStudioVersion = 10.0.40219.1
Project("{FAE04EC0-301F-11D3-BF4B-00C04F79EFBC}") = "12_HesapMakinesi", "12_HesapMakinesi\12_HesapMakinesi.csproj", "{91617C16-3D2C-4B0F-9F83-A3EFF8C65636}"
EndProject
Global
	GlobalSection(SolutionConfigurationPlatforms) = preSolution
		Debug|Any CPU = Debug|Any CPU
		Release|Any CPU = Release|Any CPU
	EndGlobalSection
	GlobalSection(ProjectConfigurationPlatforms) = postSolution
		{91617C16-3D2C-4B0F-9F83-A3EFF8C65636}.Debug|Any CPU.ActiveCfg = Debug|Any CPU
		{91617C16-3D2C-4B0F-9F83-A3EFF8C65636}.Debug|Any CPU.Build.0 = Debug|Any CPU
		{91617C16-3D2C-4B0F-9F83-A3EFF8C65636}.Release|Any CPU.ActiveCfg = Release|Any CPU
		{91617C16-3D2C-4B0F-9F83-A3EFF8C65636}.Release|Any CPU.Build.0 = Release|Any CPU
	EndGlobalSection
	GlobalSection(SolutionProperties) = preSolution
		HideSolutionNode = FALSE
	EndGlobalSection
	GlobalSection(ExtensibilityGlobals) = postSolution
		SolutionGuid = {98F65688-A1CE-4ED2-A2AA-26E854E9E434}
	EndGlobalSection
EndGlobal
